{
    "_readme": [
        "This file locks the dependencies of your project to a known state",
        "Read more about it at https://getcomposer.org/doc/01-basic-usage.md#composer-lock-the-lock-file",
        "This file is @generated automatically"
    ],
    "hash": "96e9fb14ecbb81c3aedc3895d1b18619",
    "content-hash": "ebd45fe40bc2f7df160e8696365affaa",
    "packages": [
        {
            "name": "rdx/js-dom",
            "version": "dev-master",
            "source": {
                "type": "git",
                "url": "https://github.com/rudiedirkx/php-js-dom.git",
                "reference": "946096e33d35044d1eece6fb28a25bc79cd0a8da"
            },
            "dist": {
                "type": "zip",
                "url": "https://api.github.com/repos/rudiedirkx/php-js-dom/zipball/946096e33d35044d1eece6fb28a25bc79cd0a8da",
                "reference": "946096e33d35044d1eece6fb28a25bc79cd0a8da",
                "shasum": ""
            },
            "require": {
                "symfony/css-selector": "^3.1"
            },
            "type": "library",
            "autoload": {
                "psr-4": {
                    "rdx\\jsdom\\": "src"
                }
            },
            "notification-url": "https://packagist.org/downloads/",
            "license": [
                "MIT"
            ],
            "authors": [
                {
                    "name": "Rudie Dirkx",
                    "email": "github@hotblocks.nl"
                }
            ],
            "description": "JS-like DOM traversal",
            "time": "2017-01-15 23:25:50"
        },
        {
            "name": "symfony/css-selector",
            "version": "v3.1.5",
            "source": {
                "type": "git",
                "url": "https://github.com/symfony/css-selector.git",
                "reference": "ca809c64072e0fe61c1c7fb3c76cdc32265042ac"
            },
            "dist": {
                "type": "zip",
                "url": "https://api.github.com/repos/symfony/css-selector/zipball/ca809c64072e0fe61c1c7fb3c76cdc32265042ac",
                "reference": "ca809c64072e0fe61c1c7fb3c76cdc32265042ac",
                "shasum": ""
            },
            "require": {
                "php": ">=5.5.9"
            },
            "type": "library",
            "extra": {
                "branch-alias": {
                    "dev-master": "3.1-dev"
                }
            },
            "autoload": {
                "psr-4": {
                    "Symfony\\Component\\CssSelector\\": ""
                },
                "exclude-from-classmap": [
                    "/Tests/"
                ]
            },
            "notification-url": "https://packagist.org/downloads/",
            "license": [
                "MIT"
            ],
            "authors": [
                {
                    "name": "Jean-François Simon",
                    "email": "jeanfrancois.simon@sensiolabs.com"
                },
                {
                    "name": "Fabien Potencier",
                    "email": "fabien@symfony.com"
                },
                {
                    "name": "Symfony Community",
                    "homepage": "https://symfony.com/contributors"
                }
            ],
            "description": "Symfony CssSelector Component",
            "homepage": "https://symfony.com",
            "time": "2016-09-06 11:02:40"
        }
    ],
    "packages-dev": [],
    "aliases": [],
    "minimum-stability": "stable",
    "stability-flags": {
        "rdx/js-dom": 20
    },
    "prefer-stable": false,
    "prefer-lowest": false,
    "platform": [],
    "platform-dev": []
}
