{
    "_readme": [
        "This file locks the dependencies of your project to a known state",
        "Read more about it at https://getcomposer.org/doc/01-basic-usage.md#composer-lock-the-lock-file",
        "This file is @generated automatically"
    ],
    "content-hash": "1bbc14c5b522dec17f0ac0c4d8492918",
    "packages": [
        {
            "name": "rdx/db",
            "version": "1.13",
            "source": {
                "type": "git",
                "url": "https://github.com/rudiedirkx/db_generic.git",
                "reference": "77e5c24725f6d4bedfa6ed02a678104210360722"
            },
            "dist": {
                "type": "zip",
                "url": "https://api.github.com/repos/rudiedirkx/db_generic/zipball/77e5c24725f6d4bedfa6ed02a678104210360722",
                "reference": "77e5c24725f6d4bedfa6ed02a678104210360722",
                "shasum": ""
            },
            "type": "library",
            "autoload": {
                "classmap": [
                    "db_generic.php",
                    "db_mysql.php",
                    "db_sqlite.php"
                ]
            },
            "notification-url": "https://packagist.org/downloads/",
            "license": [
                "MIT"
            ],
            "authors": [
                {
                    "name": "Rudie Dirkx",
                    "email": "github@hotblocks.nl"
                }
            ],
            "description": "Simple MySQL/SQLite wrapper",
            "time": "2018-09-15T13:46:29+00:00"
        },
        {
            "name": "rdx/js-dom",
            "version": "1.1",
            "source": {
                "type": "git",
                "url": "https://github.com/rudiedirkx/php-js-dom.git",
                "reference": "c36b2ba7580a344fb8e2a305a784e25698cd642f"
            },
            "dist": {
                "type": "zip",
                "url": "https://api.github.com/repos/rudiedirkx/php-js-dom/zipball/c36b2ba7580a344fb8e2a305a784e25698cd642f",
                "reference": "c36b2ba7580a344fb8e2a305a784e25698cd642f",
                "shasum": ""
            },
            "require": {
                "symfony/css-selector": "^3.1"
            },
            "type": "library",
            "autoload": {
                "psr-4": {
                    "rdx\\jsdom\\": "src"
                }
            },
            "notification-url": "https://packagist.org/downloads/",
            "license": [
                "MIT"
            ],
            "authors": [
                {
                    "name": "Rudie Dirkx",
                    "email": "github@hotblocks.nl"
                }
            ],
            "description": "JS-like DOM traversal",
            "time": "2018-01-07T01:03:25+00:00"
        },
        {
            "name": "symfony/css-selector",
            "version": "v3.4.15",
            "source": {
                "type": "git",
                "url": "https://github.com/symfony/css-selector.git",
                "reference": "edda5a6155000ff8c3a3f85ee5c421af93cca416"
            },
            "dist": {
                "type": "zip",
                "url": "https://api.github.com/repos/symfony/css-selector/zipball/edda5a6155000ff8c3a3f85ee5c421af93cca416",
                "reference": "edda5a6155000ff8c3a3f85ee5c421af93cca416",
                "shasum": ""
            },
            "require": {
                "php": "^5.5.9|>=7.0.8"
            },
            "type": "library",
            "extra": {
                "branch-alias": {
                    "dev-master": "3.4-dev"
                }
            },
            "autoload": {
                "psr-4": {
                    "Symfony\\Component\\CssSelector\\": ""
                },
                "exclude-from-classmap": [
                    "/Tests/"
                ]
            },
            "notification-url": "https://packagist.org/downloads/",
            "license": [
                "MIT"
            ],
            "authors": [
                {
                    "name": "Jean-François Simon",
                    "email": "jeanfrancois.simon@sensiolabs.com"
                },
                {
                    "name": "Fabien Potencier",
                    "email": "fabien@symfony.com"
                },
                {
                    "name": "Symfony Community",
                    "homepage": "https://symfony.com/contributors"
                }
            ],
            "description": "Symfony CssSelector Component",
            "homepage": "https://symfony.com",
            "time": "2018-07-26T09:06:28+00:00"
        }
    ],
    "packages-dev": [],
    "aliases": [],
    "minimum-stability": "stable",
    "stability-flags": [],
    "prefer-stable": false,
    "prefer-lowest": false,
    "platform": [],
    "platform-dev": []
}
